
Microsoft Visual Studio Solution File, Format Version 12.00
# Visual Studio 15
VisualStudioVersion = 15.0.26430.12
MinimumVisualStudioVersion = 10.0.40219.1
Project("{8BC9CEB8-8B4A-11D0-8D11-00A0C91BC942}") = "opencv_lab", "opencv_lab\opencv_lab.vcxproj", "{22647620-7729-4AD9-9AF2-B79BE52D5604}"
EndProject
Project("{8BC9CEB8-8B4A-11D0-8D11-00A0C91BC942}") = "opencv_lab2", "opencv_lab2\opencv_lab2.vcxproj", "{5C1AE9D2-16A2-480C-B316-E3CE6709019E}"
EndProject
Project("{8BC9CEB8-8B4A-11D0-8D11-00A0C91BC942}") = "opencv_lab3", "opencv_lab3\opencv_lab3.vcxproj", "{EB52C13D-85DB-4E26-ADA0-3FBDFE069171}"
EndProject
Project("{8BC9CEB8-8B4A-11D0-8D11-00A0C91BC942}") = "opencv_lab4", "opencv_lab4\opencv_lab4.vcxproj", "{50DAAD77-6CD2-44FF-A69D-86865D7CB5D8}"
EndProject
Project("{8BC9CEB8-8B4A-11D0-8D11-00A0C91BC942}") = "opencv_lab5", "opencv_lab5\opencv_lab5.vcxproj", "{679EEEA3-D3C0-4438-9911-C2B667226BE2}"
EndProject
Project("{8BC9CEB8-8B4A-11D0-8D11-00A0C91BC942}") = "opencv_lab6", "opencv_lab6\opencv_lab6.vcxproj", "{508DD3D0-A7EC-47C0-8F19-10A1938ADA61}"
EndProject
Project("{8BC9CEB8-8B4A-11D0-8D11-00A0C91BC942}") = "opencv_lab7", "opencv_lab7\opencv_lab7.vcxproj", "{8ED20F08-143C-4B3E-A6FB-43D0EFAB3345}"
EndProject
Project("{8BC9CEB8-8B4A-11D0-8D11-00A0C91BC942}") = "opencv_lab8", "opencv_lab8\opencv_lab8.vcxproj", "{267494D8-95B2-4268-A399-DD3172A0AD5A}"
EndProject
Global
	GlobalSection(SolutionConfigurationPlatforms) = preSolution
		Debug|x64 = Debug|x64
		Debug|x86 = Debug|x86
		Release|x64 = Release|x64
		Release|x86 = Release|x86
	EndGlobalSection
	GlobalSection(ProjectConfigurationPlatforms) = postSolution
		{22647620-7729-4AD9-9AF2-B79BE52D5604}.Debug|x64.ActiveCfg = Debug|x64
		{22647620-7729-4AD9-9AF2-B79BE52D5604}.Debug|x64.Build.0 = Debug|x64
		{22647620-7729-4AD9-9AF2-B79BE52D5604}.Debug|x86.ActiveCfg = Debug|Win32
		{22647620-7729-4AD9-9AF2-B79BE52D5604}.Debug|x86.Build.0 = Debug|Win32
		{22647620-7729-4AD9-9AF2-B79BE52D5604}.Release|x64.ActiveCfg = Release|x64
		{22647620-7729-4AD9-9AF2-B79BE52D5604}.Release|x64.Build.0 = Release|x64
		{22647620-7729-4AD9-9AF2-B79BE52D5604}.Release|x86.ActiveCfg = Release|Win32
		{22647620-7729-4AD9-9AF2-B79BE52D5604}.Release|x86.Build.0 = Release|Win32
		{5C1AE9D2-16A2-480C-B316-E3CE6709019E}.Debug|x64.ActiveCfg = Debug|x64
		{5C1AE9D2-16A2-480C-B316-E3CE6709019E}.Debug|x64.Build.0 = Debug|x64
		{5C1AE9D2-16A2-480C-B316-E3CE6709019E}.Debug|x86.ActiveCfg = Debug|Win32
		{5C1AE9D2-16A2-480C-B316-E3CE6709019E}.Debug|x86.Build.0 = Debug|Win32
		{5C1AE9D2-16A2-480C-B316-E3CE6709019E}.Release|x64.ActiveCfg = Release|x64
		{5C1AE9D2-16A2-480C-B316-E3CE6709019E}.Release|x64.Build.0 = Release|x64
		{5C1AE9D2-16A2-480C-B316-E3CE6709019E}.Release|x86.ActiveCfg = Release|Win32
		{5C1AE9D2-16A2-480C-B316-E3CE6709019E}.Release|x86.Build.0 = Release|Win32
		{EB52C13D-85DB-4E26-ADA0-3FBDFE069171}.Debug|x64.ActiveCfg = Debug|x64
		{EB52C13D-85DB-4E26-ADA0-3FBDFE069171}.Debug|x64.Build.0 = Debug|x64
		{EB52C13D-85DB-4E26-ADA0-3FBDFE069171}.Debug|x86.ActiveCfg = Debug|Win32
		{EB52C13D-85DB-4E26-ADA0-3FBDFE069171}.Debug|x86.Build.0 = Debug|Win32
		{EB52C13D-85DB-4E26-ADA0-3FBDFE069171}.Release|x64.ActiveCfg = Release|x64
		{EB52C13D-85DB-4E26-ADA0-3FBDFE069171}.Release|x64.Build.0 = Release|x64
		{EB52C13D-85DB-4E26-ADA0-3FBDFE069171}.Release|x86.ActiveCfg = Release|Win32
		{EB52C13D-85DB-4E26-ADA0-3FBDFE069171}.Release|x86.Build.0 = Release|Win32
		{50DAAD77-6CD2-44FF-A69D-86865D7CB5D8}.Debug|x64.ActiveCfg = Debug|x64
		{50DAAD77-6CD2-44FF-A69D-86865D7CB5D8}.Debug|x64.Build.0 = Debug|x64
		{50DAAD77-6CD2-44FF-A69D-86865D7CB5D8}.Debug|x86.ActiveCfg = Debug|Win32
		{50DAAD77-6CD2-44FF-A69D-86865D7CB5D8}.Debug|x86.Build.0 = Debug|Win32
		{50DAAD77-6CD2-44FF-A69D-86865D7CB5D8}.Release|x64.ActiveCfg = Release|x64
		{50DAAD77-6CD2-44FF-A69D-86865D7CB5D8}.Release|x64.Build.0 = Release|x64
		{50DAAD77-6CD2-44FF-A69D-86865D7CB5D8}.Release|x86.ActiveCfg = Release|Win32
		{50DAAD77-6CD2-44FF-A69D-86865D7CB5D8}.Release|x86.Build.0 = Release|Win32
		{679EEEA3-D3C0-4438-9911-C2B667226BE2}.Debug|x64.ActiveCfg = Debug|x64
		{679EEEA3-D3C0-4438-9911-C2B667226BE2}.Debug|x64.Build.0 = Debug|x64
		{679EEEA3-D3C0-4438-9911-C2B667226BE2}.Debug|x86.ActiveCfg = Debug|Win32
		{679EEEA3-D3C0-4438-9911-C2B667226BE2}.Debug|x86.Build.0 = Debug|Win32
		{679EEEA3-D3C0-4438-9911-C2B667226BE2}.Release|x64.ActiveCfg = Release|x64
		{679EEEA3-D3C0-4438-9911-C2B667226BE2}.Release|x64.Build.0 = Release|x64
		{679EEEA3-D3C0-4438-9911-C2B667226BE2}.Release|x86.ActiveCfg = Release|Win32
		{679EEEA3-D3C0-4438-9911-C2B667226BE2}.Release|x86.Build.0 = Release|Win32
		{508DD3D0-A7EC-47C0-8F19-10A1938ADA61}.Debug|x64.ActiveCfg = Debug|x64
		{508DD3D0-A7EC-47C0-8F19-10A1938ADA61}.Debug|x64.Build.0 = Debug|x64
		{508DD3D0-A7EC-47C0-8F19-10A1938ADA61}.Debug|x86.ActiveCfg = Debug|Win32
		{508DD3D0-A7EC-47C0-8F19-10A1938ADA61}.Debug|x86.Build.0 = Debug|Win32
		{508DD3D0-A7EC-47C0-8F19-10A1938ADA61}.Release|x64.ActiveCfg = Release|x64
		{508DD3D0-A7EC-47C0-8F19-10A1938ADA61}.Release|x64.Build.0 = Release|x64
		{508DD3D0-A7EC-47C0-8F19-10A1938ADA61}.Release|x86.ActiveCfg = Release|Win32
		{508DD3D0-A7EC-47C0-8F19-10A1938ADA61}.Release|x86.Build.0 = Release|Win32
		{8ED20F08-143C-4B3E-A6FB-43D0EFAB3345}.Debug|x64.ActiveCfg = Debug|x64
		{8ED20F08-143C-4B3E-A6FB-43D0EFAB3345}.Debug|x64.Build.0 = Debug|x64
		{8ED20F08-143C-4B3E-A6FB-43D0EFAB3345}.Debug|x86.ActiveCfg = Debug|Win32
		{8ED20F08-143C-4B3E-A6FB-43D0EFAB3345}.Debug|x86.Build.0 = Debug|Win32
		{8ED20F08-143C-4B3E-A6FB-43D0EFAB3345}.Release|x64.ActiveCfg = Release|x64
		{8ED20F08-143C-4B3E-A6FB-43D0EFAB3345}.Release|x64.Build.0 = Release|x64
		{8ED20F08-143C-4B3E-A6FB-43D0EFAB3345}.Release|x86.ActiveCfg = Release|Win32
		{8ED20F08-143C-4B3E-A6FB-43D0EFAB3345}.Release|x86.Build.0 = Release|Win32
		{267494D8-95B2-4268-A399-DD3172A0AD5A}.Debug|x64.ActiveCfg = Debug|x64
		{267494D8-95B2-4268-A399-DD3172A0AD5A}.Debug|x64.Build.0 = Debug|x64
		{267494D8-95B2-4268-A399-DD3172A0AD5A}.Debug|x86.ActiveCfg = Debug|Win32
		{267494D8-95B2-4268-A399-DD3172A0AD5A}.Debug|x86.Build.0 = Debug|Win32
		{267494D8-95B2-4268-A399-DD3172A0AD5A}.Release|x64.ActiveCfg = Release|x64
		{267494D8-95B2-4268-A399-DD3172A0AD5A}.Release|x64.Build.0 = Release|x64
		{267494D8-95B2-4268-A399-DD3172A0AD5A}.Release|x86.ActiveCfg = Release|Win32
		{267494D8-95B2-4268-A399-DD3172A0AD5A}.Release|x86.Build.0 = Release|Win32
	EndGlobalSection
	GlobalSection(SolutionProperties) = preSolution
		HideSolutionNode = FALSE
	EndGlobalSection
EndGlobal
